// !$*UTF8*$!
{
	archiveVersion = 1;
	classes = {
	};
	objectVersion = 46;
	objects = {

/* Begin PBXBuildFile section */
		881B83DB1F3751A6002A8FF7 /* AppDelegate.swift in Sources */ = {isa = PBXBuildFile; fileRef = 881B83DA1F3751A6002A8FF7 /* AppDelegate.swift */; };
		881B83DD1F3751A6002A8FF7 /* ViewController.swift in Sources */ = {isa = PBXBuildFile; fileRef = 881B83DC1F3751A6002A8FF7 /* ViewController.swift */; };
		881B83E01F3751A6002A8FF7 /* Main.storyboard in Resources */ = {isa = PBXBuildFile; fileRef = 881B83DE1F3751A6002A8FF7 /* Main.storyboard */; };
		881B83E51F3751A6002A8FF7 /* Assets.xcassets in Resources */ = {isa = PBXBuildFile; fileRef = 881B83E41F3751A6002A8FF7 /* Assets.xcassets */; };
		881B83E81F3751A6002A8FF7 /* LaunchScreen.storyboard in Resources */ = {isa = PBXBuildFile; fileRef = 881B83E61F3751A6002A8FF7 /* LaunchScreen.storyboard */; };
		881B83F31F3751A6002A8FF7 /* Le_MemeTests.swift in Sources */ = {isa = PBXBuildFile; fileRef = 881B83F21F3751A6002A8FF7 /* Le_MemeTests.swift */; };
		881B83FE1F3751A6002A8FF7 /* Le_MemeUITests.swift in Sources */ = {isa = PBXBuildFile; fileRef = 881B83FD1F3751A6002A8FF7 /* Le_MemeUITests.swift */; };
		881B84101F375B04002A8FF7 /* kimjung.png in Resources */ = {isa = PBXBuildFile; fileRef = 881B840C1F375B04002A8FF7 /* kimjung.png */; };
		881B84111F375B04002A8FF7 /* kimjung.png in Resources */ = {isa = PBXBuildFile; fileRef = 881B840C1F375B04002A8FF7 /* kimjung.png */; };
		881B84121F375B04002A8FF7 /* kimjung.png in Resources */ = {isa = PBXBuildFile; fileRef = 881B840C1F375B04002A8FF7 /* kimjung.png */; };
		881B84131F375B04002A8FF7 /* putin.png in Resources */ = {isa = PBXBuildFile; fileRef = 881B840D1F375B04002A8FF7 /* putin.png */; };
		881B84141F375B04002A8FF7 /* putin.png in Resources */ = {isa = PBXBuildFile; fileRef = 881B840D1F375B04002A8FF7 /* putin.png */; };
		881B84151F375B04002A8FF7 /* putin.png in Resources */ = {isa = PBXBuildFile; fileRef = 881B840D1F375B04002A8FF7 /* putin.png */; };
		881B84191F375B04002A8FF7 /* trump.png in Resources */ = {isa = PBXBuildFile; fileRef = 881B840F1F375B04002A8FF7 /* trump.png */; };
		881B841A1F375B04002A8FF7 /* trump.png in Resources */ = {isa = PBXBuildFile; fileRef = 881B840F1F375B04002A8FF7 /* trump.png */; };
		881B841B1F375B04002A8FF7 /* trump.png in Resources */ = {isa = PBXBuildFile; fileRef = 881B840F1F375B04002A8FF7 /* trump.png */; };
		881B841D1F375C4A002A8FF7 /* questionMark.png in Resources */ = {isa = PBXBuildFile; fileRef = 881B841C1F375C4A002A8FF7 /* questionMark.png */; };
		881B841E1F375C4A002A8FF7 /* questionMark.png in Resources */ = {isa = PBXBuildFile; fileRef = 881B841C1F375C4A002A8FF7 /* questionMark.png */; };
		881B841F1F375C4A002A8FF7 /* questionMark.png in Resources */ = {isa = PBXBuildFile; fileRef = 881B841C1F375C4A002A8FF7 /* questionMark.png */; };
		881DE44F1F37D28800886176 /* Model.xcdatamodeld in Sources */ = {isa = PBXBuildFile; fileRef = 881DE44D1F37D28800886176 /* Model.xcdatamodeld */; };
		881DE4511F37D31D00886176 /* ManagedObject.swift in Sources */ = {isa = PBXBuildFile; fileRef = 881DE4501F37D31D00886176 /* ManagedObject.swift */; };
		881DE4541F37D78600886176 /* MyPicViewController.swift in Sources */ = {isa = PBXBuildFile; fileRef = 881DE4531F37D78600886176 /* MyPicViewController.swift */; };
		881DE4561F37D95300886176 /* MycollectionCell.swift in Sources */ = {isa = PBXBuildFile; fileRef = 881DE4551F37D95300886176 /* MycollectionCell.swift */; };
		883B2F181F3953800017F68A /* AudioCollectionCell.swift in Sources */ = {isa = PBXBuildFile; fileRef = 883B2F171F3953800017F68A /* AudioCollectionCell.swift */; };
		88637F931F393CD20089CA8F /* AudioCollectionViewController.swift in Sources */ = {isa = PBXBuildFile; fileRef = 88637F921F393CD20089CA8F /* AudioCollectionViewController.swift */; };
		88D21B121F379C1E008B41EB /* TableViewController.swift in Sources */ = {isa = PBXBuildFile; fileRef = 88D21B111F379C1E008B41EB /* TableViewController.swift */; };
		88D21B141F37A26E008B41EB /* sheen.png in Resources */ = {isa = PBXBuildFile; fileRef = 88D21B131F37A26E008B41EB /* sheen.png */; };
		88D21B171F37AE42008B41EB /* PictureController.swift in Sources */ = {isa = PBXBuildFile; fileRef = 88D21B161F37AE42008B41EB /* PictureController.swift */; };
		88D96F951F37748700D13885 /* CollectionViewCell.swift in Sources */ = {isa = PBXBuildFile; fileRef = 88D96F941F37748700D13885 /* CollectionViewCell.swift */; };
		88D96F971F37758200D13885 /* CollectionViewController.swift in Sources */ = {isa = PBXBuildFile; fileRef = 88D96F961F37758200D13885 /* CollectionViewController.swift */; };
		88D96F9A1F3790BA00D13885 /* trump_wall.mp3 in Resources */ = {isa = PBXBuildFile; fileRef = 88D96F991F3790BA00D13885 /* trump_wall.mp3 */; };
/* End PBXBuildFile section */

/* Begin PBXContainerItemProxy section */
		881B83EF1F3751A6002A8FF7 /* PBXContainerItemProxy */ = {
			isa = PBXContainerItemProxy;
			containerPortal = 881B83CF1F3751A6002A8FF7 /* Project object */;
			proxyType = 1;
			remoteGlobalIDString = 881B83D61F3751A6002A8FF7;
			remoteInfo = "Le Meme";
		};
		881B83FA1F3751A6002A8FF7 /* PBXContainerItemProxy */ = {
			isa = PBXContainerItemProxy;
			containerPortal = 881B83CF1F3751A6002A8FF7 /* Project object */;
			proxyType = 1;
			remoteGlobalIDString = 881B83D61F3751A6002A8FF7;
			remoteInfo = "Le Meme";
		};
/* End PBXContainerItemProxy section */

/* Begin PBXFileReference section */
		881B83D71F3751A6002A8FF7 /* Le Meme.app */ = {isa = PBXFileReference; explicitFileType = wrapper.application; includeInIndex = 0; path = "Le Meme.app"; sourceTree = BUILT_PRODUCTS_DIR; };
		881B83DA1F3751A6002A8FF7 /* AppDelegate.swift */ = {isa = PBXFileReference; lastKnownFileType = sourcecode.swift; name = AppDelegate.swift; path = "Le Meme/AppDelegate.swift"; sourceTree = "<group>"; };
		881B83DC1F3751A6002A8FF7 /* ViewController.swift */ = {isa = PBXFileReference; lastKnownFileType = sourcecode.swift; name = ViewController.swift; path = "Le Meme/ViewController.swift"; sourceTree = "<group>"; };
		881B83DF1F3751A6002A8FF7 /* Base */ = {isa = PBXFileReference; lastKnownFileType = file.storyboard; name = Base; path = Base.lproj/Main.storyboard; sourceTree = "<group>"; };
		881B83E41F3751A6002A8FF7 /* Assets.xcassets */ = {isa = PBXFileReference; lastKnownFileType = folder.assetcatalog; path = Assets.xcassets; sourceTree = "<group>"; };
		881B83E71F3751A6002A8FF7 /* Base */ = {isa = PBXFileReference; lastKnownFileType = file.storyboard; name = Base; path = Base.lproj/LaunchScreen.storyboard; sourceTree = "<group>"; };
		881B83E91F3751A6002A8FF7 /* Info.plist */ = {isa = PBXFileReference; lastKnownFileType = text.plist.xml; name = Info.plist; path = "Le Meme/Info.plist"; sourceTree = "<group>"; };
		881B83EE1F3751A6002A8FF7 /* Le MemeTests.xctest */ = {isa = PBXFileReference; explicitFileType = wrapper.cfbundle; includeInIndex = 0; path = "Le MemeTests.xctest"; sourceTree = BUILT_PRODUCTS_DIR; };
		881B83F21F3751A6002A8FF7 /* Le_MemeTests.swift */ = {isa = PBXFileReference; lastKnownFileType = sourcecode.swift; path = Le_MemeTests.swift; sourceTree = "<group>"; };
		881B83F41F3751A6002A8FF7 /* Info.plist */ = {isa = PBXFileReference; lastKnownFileType = text.plist.xml; path = Info.plist; sourceTree = "<group>"; };
		881B83F91F3751A6002A8FF7 /* Le MemeUITests.xctest */ = {isa = PBXFileReference; explicitFileType = wrapper.cfbundle; includeInIndex = 0; path = "Le MemeUITests.xctest"; sourceTree = BUILT_PRODUCTS_DIR; };
		881B83FD1F3751A6002A8FF7 /* Le_MemeUITests.swift */ = {isa = PBXFileReference; lastKnownFileType = sourcecode.swift; path = Le_MemeUITests.swift; sourceTree = "<group>"; };
		881B83FF1F3751A6002A8FF7 /* Info.plist */ = {isa = PBXFileReference; lastKnownFileType = text.plist.xml; path = Info.plist; sourceTree = "<group>"; };
		881B840C1F375B04002A8FF7 /* kimjung.png */ = {isa = PBXFileReference; lastKnownFileType = image.png; path = kimjung.png; sourceTree = "<group>"; };
		881B840D1F375B04002A8FF7 /* putin.png */ = {isa = PBXFileReference; lastKnownFileType = image.png; path = putin.png; sourceTree = "<group>"; };
		881B840F1F375B04002A8FF7 /* trump.png */ = {isa = PBXFileReference; lastKnownFileType = image.png; path = trump.png; sourceTree = "<group>"; };
		881B841C1F375C4A002A8FF7 /* questionMark.png */ = {isa = PBXFileReference; lastKnownFileType = image.png; path = questionMark.png; sourceTree = "<group>"; };
		881DE44E1F37D28800886176 /* Model.xcdatamodel */ = {isa = PBXFileReference; lastKnownFileType = wrapper.xcdatamodel; path = Model.xcdatamodel; sourceTree = "<group>"; };
		881DE4501F37D31D00886176 /* ManagedObject.swift */ = {isa = PBXFileReference; fileEncoding = 4; lastKnownFileType = sourcecode.swift; path = ManagedObject.swift; sourceTree = "<group>"; };
		881DE4531F37D78600886176 /* MyPicViewController.swift */ = {isa = PBXFileReference; fileEncoding = 4; lastKnownFileType = sourcecode.swift; path = MyPicViewController.swift; sourceTree = "<group>"; };
		881DE4551F37D95300886176 /* MycollectionCell.swift */ = {isa = PBXFileReference; fileEncoding = 4; lastKnownFileType = sourcecode.swift; path = MycollectionCell.swift; sourceTree = "<group>"; };
		883B2F171F3953800017F68A /* AudioCollectionCell.swift */ = {isa = PBXFileReference; lastKnownFileType = sourcecode.swift; path = AudioCollectionCell.swift; sourceTree = "<group>"; };
		88637F921F393CD20089CA8F /* AudioCollectionViewController.swift */ = {isa = PBXFileReference; lastKnownFileType = sourcecode.swift; path = AudioCollectionViewController.swift; sourceTree = SOURCE_ROOT; };
		88D21B111F379C1E008B41EB /* TableViewController.swift */ = {isa = PBXFileReference; fileEncoding = 4; lastKnownFileType = sourcecode.swift; path = TableViewController.swift; sourceTree = "<group>"; };
		88D21B131F37A26E008B41EB /* sheen.png */ = {isa = PBXFileReference; lastKnownFileType = image.png; path = sheen.png; sourceTree = "<group>"; };
		88D21B161F37AE42008B41EB /* PictureController.swift */ = {isa = PBXFileReference; fileEncoding = 4; lastKnownFileType = sourcecode.swift; path = PictureController.swift; sourceTree = "<group>"; };
		88D96F941F37748700D13885 /* CollectionViewCell.swift */ = {isa = PBXFileReference; fileEncoding = 4; lastKnownFileType = sourcecode.swift; path = CollectionViewCell.swift; sourceTree = "<group>"; };
		88D96F961F37758200D13885 /* CollectionViewController.swift */ = {isa = PBXFileReference; fileEncoding = 4; lastKnownFileType = sourcecode.swift; path = CollectionViewController.swift; sourceTree = "<group>"; };
		88D96F991F3790BA00D13885 /* trump_wall.mp3 */ = {isa = PBXFileReference; lastKnownFileType = audio.mp3; path = trump_wall.mp3; sourceTree = "<group>"; };
		88DB80021F3968D30009B56D /* On Rosie  Truck Driver.mp3 */ = {isa = PBXFileReference; lastKnownFileType = audio.mp3; path = "On Rosie  Truck Driver.mp3"; sourceTree = "<group>"; };
		88DB80031F3968F20009B56D /* Welcome to the Boardroom.mp3 */ = {isa = PBXFileReference; lastKnownFileType = audio.mp3; path = "Welcome to the Boardroom.mp3"; sourceTree = "<group>"; };
/* End PBXFileReference section */

/* Begin PBXFrameworksBuildPhase section */
		881B83D41F3751A6002A8FF7 /* Frameworks */ = {
			isa = PBXFrameworksBuildPhase;
			buildActionMask = 2147483647;
			files = (
			);
			runOnlyForDeploymentPostprocessing = 0;
		};
		881B83EB1F3751A6002A8FF7 /* Frameworks */ = {
			isa = PBXFrameworksBuildPhase;
			buildActionMask = 2147483647;
			files = (
			);
			runOnlyForDeploymentPostprocessing = 0;
		};
		881B83F61F3751A6002A8FF7 /* Frameworks */ = {
			isa = PBXFrameworksBuildPhase;
			buildActionMask = 2147483647;
			files = (
			);
			runOnlyForDeploymentPostprocessing = 0;
		};
/* End PBXFrameworksBuildPhase section */

/* Begin PBXGroup section */
		881B83CE1F3751A6002A8FF7 = {
			isa = PBXGroup;
			children = (
				88D96F981F378D7800D13885 /* Audio Files */,
				881B83D91F3751A6002A8FF7 /* Le Meme */,
				881B84211F375E55002A8FF7 /* Core Files */,
				881B84201F375E34002A8FF7 /* Main View Controller */,
				881B84221F375E84002A8FF7 /* Static Pic Controllers */,
				88D21B101F379BEC008B41EB /* Table View contrller */,
				88637F911F393C960089CA8F /* Audio Classes */,
				881DE4521F37D76200886176 /* My Pics Collection View */,
				881B840B1F375ADE002A8FF7 /* Images */,
				881B83F11F3751A6002A8FF7 /* Le MemeTests */,
				881B83FC1F3751A6002A8FF7 /* Le MemeUITests */,
				881B83D81F3751A6002A8FF7 /* Products */,
			);
			sourceTree = "<group>";
		};
		881B83D81F3751A6002A8FF7 /* Products */ = {
			isa = PBXGroup;
			children = (
				881B83D71F3751A6002A8FF7 /* Le Meme.app */,
				881B83EE1F3751A6002A8FF7 /* Le MemeTests.xctest */,
				881B83F91F3751A6002A8FF7 /* Le MemeUITests.xctest */,
			);
			name = Products;
			sourceTree = "<group>";
		};
		881B83D91F3751A6002A8FF7 /* Le Meme */ = {
			isa = PBXGroup;
			children = (
				881B83E41F3751A6002A8FF7 /* Assets.xcassets */,
			);
			path = "Le Meme";
			sourceTree = "<group>";
		};
		881B83F11F3751A6002A8FF7 /* Le MemeTests */ = {
			isa = PBXGroup;
			children = (
				881B83F21F3751A6002A8FF7 /* Le_MemeTests.swift */,
				881B83F41F3751A6002A8FF7 /* Info.plist */,
			);
			path = "Le MemeTests";
			sourceTree = "<group>";
		};
		881B83FC1F3751A6002A8FF7 /* Le MemeUITests */ = {
			isa = PBXGroup;
			children = (
				881B83FD1F3751A6002A8FF7 /* Le_MemeUITests.swift */,
				881B83FF1F3751A6002A8FF7 /* Info.plist */,
			);
			path = "Le MemeUITests";
			sourceTree = "<group>";
		};
		881B840B1F375ADE002A8FF7 /* Images */ = {
			isa = PBXGroup;
			children = (
				881B841C1F375C4A002A8FF7 /* questionMark.png */,
				881B840C1F375B04002A8FF7 /* kimjung.png */,
				881B840D1F375B04002A8FF7 /* putin.png */,
				88D21B131F37A26E008B41EB /* sheen.png */,
				881B840F1F375B04002A8FF7 /* trump.png */,
			);
			name = Images;
			sourceTree = "<group>";
		};
		881B84201F375E34002A8FF7 /* Main View Controller */ = {
			isa = PBXGroup;
			children = (
				881B83DC1F3751A6002A8FF7 /* ViewController.swift */,
			);
			name = "Main View Controller";
			sourceTree = "<group>";
		};
		881B84211F375E55002A8FF7 /* Core Files */ = {
			isa = PBXGroup;
			children = (
				881B83DE1F3751A6002A8FF7 /* Main.storyboard */,
				881B83DA1F3751A6002A8FF7 /* AppDelegate.swift */,
				881B83E61F3751A6002A8FF7 /* LaunchScreen.storyboard */,
				881B83E91F3751A6002A8FF7 /* Info.plist */,
				881DE44D1F37D28800886176 /* Model.xcdatamodeld */,
				881DE4501F37D31D00886176 /* ManagedObject.swift */,
			);
			name = "Core Files";
			sourceTree = "<group>";
		};
		881B84221F375E84002A8FF7 /* Static Pic Controllers */ = {
			isa = PBXGroup;
			children = (
				88D96F941F37748700D13885 /* CollectionViewCell.swift */,
				88D96F961F37758200D13885 /* CollectionViewController.swift */,
			);
			name = "Static Pic Controllers";
			sourceTree = "<group>";
		};
		881DE4521F37D76200886176 /* My Pics Collection View */ = {
			isa = PBXGroup;
			children = (
				881DE4531F37D78600886176 /* MyPicViewController.swift */,
				881DE4551F37D95300886176 /* MycollectionCell.swift */,
			);
			name = "My Pics Collection View";
			path = "Le Meme";
			sourceTree = "<group>";
		};
		88637F911F393C960089CA8F /* Audio Classes */ = {
			isa = PBXGroup;
			children = (
				88637F921F393CD20089CA8F /* AudioCollectionViewController.swift */,
				883B2F171F3953800017F68A /* AudioCollectionCell.swift */,
			);
			path = "Audio Classes";
			sourceTree = "<group>";
		};
		88D21B101F379BEC008B41EB /* Table View contrller */ = {
			isa = PBXGroup;
			children = (
				88D21B111F379C1E008B41EB /* TableViewController.swift */,
				88D21B151F37AE22008B41EB /* Foto Controllers */,
			);
			name = "Table View contrller";
			path = "Le Meme";
			sourceTree = "<group>";
		};
		88D21B151F37AE22008B41EB /* Foto Controllers */ = {
			isa = PBXGroup;
			children = (
				88D21B161F37AE42008B41EB /* PictureController.swift */,
			);
			name = "Foto Controllers";
			sourceTree = "<group>";
		};
		88D96F981F378D7800D13885 /* Audio Files */ = {
			isa = PBXGroup;
			children = (
				88DB80021F3968D30009B56D /* On Rosie  Truck Driver.mp3 */,
				88DB80031F3968F20009B56D /* Welcome to the Boardroom.mp3 */,
				88D96F991F3790BA00D13885 /* trump_wall.mp3 */,
			);
			name = "Audio Files";
			path = "Le Meme";
			sourceTree = "<group>";
		};
/* End PBXGroup section */

/* Begin PBXNativeTarget section */
		881B83D61F3751A6002A8FF7 /* Le Meme */ = {
			isa = PBXNativeTarget;
			buildConfigurationList = 881B84021F3751A6002A8FF7 /* Build configuration list for PBXNativeTarget "Le Meme" */;
			buildPhases = (
				881B83D31F3751A6002A8FF7 /* Sources */,
				881B83D41F3751A6002A8FF7 /* Frameworks */,
				881B83D51F3751A6002A8FF7 /* Resources */,
			);
			buildRules = (
			);
			dependencies = (
			);
			name = "Le Meme";
			productName = "Le Meme";
			productReference = 881B83D71F3751A6002A8FF7 /* Le Meme.app */;
			productType = "com.apple.product-type.application";
		};
		881B83ED1F3751A6002A8FF7 /* Le MemeTests */ = {
			isa = PBXNativeTarget;
			buildConfigurationList = 881B84051F3751A6002A8FF7 /* Build configuration list for PBXNativeTarget "Le MemeTests" */;
			buildPhases = (
				881B83EA1F3751A6002A8FF7 /* Sources */,
				881B83EB1F3751A6002A8FF7 /* Frameworks */,
				881B83EC1F3751A6002A8FF7 /* Resources */,
			);
			buildRules = (
			);
			dependencies = (
				881B83F01F3751A6002A8FF7 /* PBXTargetDependency */,
			);
			name = "Le MemeTests";
			productName = "Le MemeTests";
			productReference = 881B83EE1F3751A6002A8FF7 /* Le MemeTests.xctest */;
			productType = "com.apple.product-type.bundle.unit-test";
		};
		881B83F81F3751A6002A8FF7 /* Le MemeUITests */ = {
			isa = PBXNativeTarget;
			buildConfigurationList = 881B84081F3751A6002A8FF7 /* Build configuration list for PBXNativeTarget "Le MemeUITests" */;
			buildPhases = (
				881B83F51F3751A6002A8FF7 /* Sources */,
				881B83F61F3751A6002A8FF7 /* Frameworks */,
				881B83F71F3751A6002A8FF7 /* Resources */,
			);
			buildRules = (
			);
			dependencies = (
				881B83FB1F3751A6002A8FF7 /* PBXTargetDependency */,
			);
			name = "Le MemeUITests";
			productName = "Le MemeUITests";
			productReference = 881B83F91F3751A6002A8FF7 /* Le MemeUITests.xctest */;
			productType = "com.apple.product-type.bundle.ui-testing";
		};
/* End PBXNativeTarget section */

/* Begin PBXProject section */
		881B83CF1F3751A6002A8FF7 /* Project object */ = {
			isa = PBXProject;
			attributes = {
				LastSwiftUpdateCheck = 0830;
				LastUpgradeCheck = 0830;
				ORGANIZATIONNAME = Jesse;
				TargetAttributes = {
					881B83D61F3751A6002A8FF7 = {
						CreatedOnToolsVersion = 8.3.3;
						DevelopmentTeam = JN83A35T6F;
						ProvisioningStyle = Automatic;
					};
					881B83ED1F3751A6002A8FF7 = {
						CreatedOnToolsVersion = 8.3.3;
						DevelopmentTeam = JN83A35T6F;
						ProvisioningStyle = Automatic;
						TestTargetID = 881B83D61F3751A6002A8FF7;
					};
					881B83F81F3751A6002A8FF7 = {
						CreatedOnToolsVersion = 8.3.3;
						DevelopmentTeam = JN83A35T6F;
						ProvisioningStyle = Automatic;
						TestTargetID = 881B83D61F3751A6002A8FF7;
					};
				};
			};
			buildConfigurationList = 881B83D21F3751A6002A8FF7 /* Build configuration list for PBXProject "Le Meme" */;
			compatibilityVersion = "Xcode 3.2";
			developmentRegion = English;
			hasScannedForEncodings = 0;
			knownRegions = (
				en,
				Base,
			);
			mainGroup = 881B83CE1F3751A6002A8FF7;
			productRefGroup = 881B83D81F3751A6002A8FF7 /* Products */;
			projectDirPath = "";
			projectRoot = "";
			targets = (
				881B83D61F3751A6002A8FF7 /* Le Meme */,
				881B83ED1F3751A6002A8FF7 /* Le MemeTests */,
				881B83F81F3751A6002A8FF7 /* Le MemeUITests */,
			);
		};
/* End PBXProject section */

/* Begin PBXResourcesBuildPhase section */
		881B83D51F3751A6002A8FF7 /* Resources */ = {
			isa = PBXResourcesBuildPhase;
			buildActionMask = 2147483647;
			files = (
				881B83E81F3751A6002A8FF7 /* LaunchScreen.storyboard in Resources */,
				88D21B141F37A26E008B41EB /* sheen.png in Resources */,
				881B83E51F3751A6002A8FF7 /* Assets.xcassets in Resources */,
				881B83E01F3751A6002A8FF7 /* Main.storyboard in Resources */,
				88D96F9A1F3790BA00D13885 /* trump_wall.mp3 in Resources */,
				881B84191F375B04002A8FF7 /* trump.png in Resources */,
				881B84131F375B04002A8FF7 /* putin.png in Resources */,
				881B84101F375B04002A8FF7 /* kimjung.png in Resources */,
				881B841D1F375C4A002A8FF7 /* questionMark.png in Resources */,
			);
			runOnlyForDeploymentPostprocessing = 0;
		};
		881B83EC1F3751A6002A8FF7 /* Resources */ = {
			isa = PBXResourcesBuildPhase;
			buildActionMask = 2147483647;
			files = (
				881B841A1F375B04002A8FF7 /* trump.png in Resources */,
				881B84141F375B04002A8FF7 /* putin.png in Resources */,
				881B841E1F375C4A002A8FF7 /* questionMark.png in Resources */,
				881B84111F375B04002A8FF7 /* kimjung.png in Resources */,
			);
			runOnlyForDeploymentPostprocessing = 0;
		};
		881B83F71F3751A6002A8FF7 /* Resources */ = {
			isa = PBXResourcesBuildPhase;
			buildActionMask = 2147483647;
			files = (
				881B841B1F375B04002A8FF7 /* trump.png in Resources */,
				881B84151F375B04002A8FF7 /* putin.png in Resources */,
				881B841F1F375C4A002A8FF7 /* questionMark.png in Resources */,
				881B84121F375B04002A8FF7 /* kimjung.png in Resources */,
			);
			runOnlyForDeploymentPostprocessing = 0;
		};
/* End PBXResourcesBuildPhase section */

/* Begin PBXSourcesBuildPhase section */
		881B83D31F3751A6002A8FF7 /* Sources */ = {
			isa = PBXSourcesBuildPhase;
			buildActionMask = 2147483647;
			files = (
				88D96F971F37758200D13885 /* CollectionViewController.swift in Sources */,
				88D21B171F37AE42008B41EB /* PictureController.swift in Sources */,
				881DE4511F37D31D00886176 /* ManagedObject.swift in Sources */,
				88D21B121F379C1E008B41EB /* TableViewController.swift in Sources */,
				881DE44F1F37D28800886176 /* Model.xcdatamodeld in Sources */,
				881DE4561F37D95300886176 /* MycollectionCell.swift in Sources */,
				88D96F951F37748700D13885 /* CollectionViewCell.swift in Sources */,
				88637F931F393CD20089CA8F /* AudioCollectionViewController.swift in Sources */,
				881DE4541F37D78600886176 /* MyPicViewController.swift in Sources */,
				881B83DD1F3751A6002A8FF7 /* ViewController.swift in Sources */,
				883B2F181F3953800017F68A /* AudioCollectionCell.swift in Sources */,
				881B83DB1F3751A6002A8FF7 /* AppDelegate.swift in Sources */,
			);
			runOnlyForDeploymentPostprocessing = 0;
		};
		881B83EA1F3751A6002A8FF7 /* Sources */ = {
			isa = PBXSourcesBuildPhase;
			buildActionMask = 2147483647;
			files = (
				881B83F31F3751A6002A8FF7 /* Le_MemeTests.swift in Sources */,
			);
			runOnlyForDeploymentPostprocessing = 0;
		};
		881B83F51F3751A6002A8FF7 /* Sources */ = {
			isa = PBXSourcesBuildPhase;
			buildActionMask = 2147483647;
			files = (
				881B83FE1F3751A6002A8FF7 /* Le_MemeUITests.swift in Sources */,
			);
			runOnlyForDeploymentPostprocessing = 0;
		};
/* End PBXSourcesBuildPhase section */

/* Begin PBXTargetDependency section */
		881B83F01F3751A6002A8FF7 /* PBXTargetDependency */ = {
			isa = PBXTargetDependency;
			target = 881B83D61F3751A6002A8FF7 /* Le Meme */;
			targetProxy = 881B83EF1F3751A6002A8FF7 /* PBXContainerItemProxy */;
		};
		881B83FB1F3751A6002A8FF7 /* PBXTargetDependency */ = {
			isa = PBXTargetDependency;
			target = 881B83D61F3751A6002A8FF7 /* Le Meme */;
			targetProxy = 881B83FA1F3751A6002A8FF7 /* PBXContainerItemProxy */;
		};
/* End PBXTargetDependency section */

/* Begin PBXVariantGroup section */
		881B83DE1F3751A6002A8FF7 /* Main.storyboard */ = {
			isa = PBXVariantGroup;
			children = (
				881B83DF1F3751A6002A8FF7 /* Base */,
			);
			name = Main.storyboard;
			path = "Le Meme";
			sourceTree = "<group>";
		};
		881B83E61F3751A6002A8FF7 /* LaunchScreen.storyboard */ = {
			isa = PBXVariantGroup;
			children = (
				881B83E71F3751A6002A8FF7 /* Base */,
			);
			name = LaunchScreen.storyboard;
			path = "Le Meme";
			sourceTree = "<group>";
		};
/* End PBXVariantGroup section */

/* Begin XCBuildConfiguration section */
		881B84001F3751A6002A8FF7 /* Debug */ = {
			isa = XCBuildConfiguration;
			buildSettings = {
				ALWAYS_SEARCH_USER_PATHS = NO;
				CLANG_ANALYZER_NONNULL = YES;
				CLANG_ANALYZER_NUMBER_OBJECT_CONVERSION = YES_AGGRESSIVE;
				CLANG_CXX_LANGUAGE_STANDARD = "gnu++0x";
				CLANG_CXX_LIBRARY = "libc++";
				CLANG_ENABLE_MODULES = YES;
				CLANG_ENABLE_OBJC_ARC = YES;
				CLANG_WARN_BOOL_CONVERSION = YES;
				CLANG_WARN_CONSTANT_CONVERSION = YES;
				CLANG_WARN_DIRECT_OBJC_ISA_USAGE = YES_ERROR;
				CLANG_WARN_DOCUMENTATION_COMMENTS = YES;
				CLANG_WARN_EMPTY_BODY = YES;
				CLANG_WARN_ENUM_CONVERSION = YES;
				CLANG_WARN_INFINITE_RECURSION = YES;
				CLANG_WARN_INT_CONVERSION = YES;
				CLANG_WARN_OBJC_ROOT_CLASS = YES_ERROR;
				CLANG_WARN_SUSPICIOUS_MOVE = YES;
				CLANG_WARN_UNREACHABLE_CODE = YES;
				CLANG_WARN__DUPLICATE_METHOD_MATCH = YES;
				"CODE_SIGN_IDENTITY[sdk=iphoneos*]" = "iPhone Developer";
				COPY_PHASE_STRIP = NO;
				DEBUG_INFORMATION_FORMAT = dwarf;
				ENABLE_STRICT_OBJC_MSGSEND = YES;
				ENABLE_TESTABILITY = YES;
				GCC_C_LANGUAGE_STANDARD = gnu99;
				GCC_DYNAMIC_NO_PIC = NO;
				GCC_NO_COMMON_BLOCKS = YES;
				GCC_OPTIMIZATION_LEVEL = 0;
				GCC_PREPROCESSOR_DEFINITIONS = (
					"DEBUG=1",
					"$(inherited)",
				);
				GCC_WARN_64_TO_32_BIT_CONVERSION = YES;
				GCC_WARN_ABOUT_RETURN_TYPE = YES_ERROR;
				GCC_WARN_UNDECLARED_SELECTOR = YES;
				GCC_WARN_UNINITIALIZED_AUTOS = YES_AGGRESSIVE;
				GCC_WARN_UNUSED_FUNCTION = YES;
				GCC_WARN_UNUSED_VARIABLE = YES;
				IPHONEOS_DEPLOYMENT_TARGET = 10.3;
				MTL_ENABLE_DEBUG_INFO = YES;
				ONLY_ACTIVE_ARCH = YES;
				SDKROOT = iphoneos;
				SWIFT_ACTIVE_COMPILATION_CONDITIONS = DEBUG;
				SWIFT_OPTIMIZATION_LEVEL = "-Onone";
				TARGETED_DEVICE_FAMILY = "1,2";
			};
			name = Debug;
		};
		881B84011F3751A6002A8FF7 /* Release */ = {
			isa = XCBuildConfiguration;
			buildSettings = {
				ALWAYS_SEARCH_USER_PATHS = NO;
				CLANG_ANALYZER_NONNULL = YES;
				CLANG_ANALYZER_NUMBER_OBJECT_CONVERSION = YES_AGGRESSIVE;
				CLANG_CXX_LANGUAGE_STANDARD = "gnu++0x";
				CLANG_CXX_LIBRARY = "libc++";
				CLANG_ENABLE_MODULES = YES;
				CLANG_ENABLE_OBJC_ARC = YES;
				CLANG_WARN_BOOL_CONVERSION = YES;
				CLANG_WARN_CONSTANT_CONVERSION = YES;
				CLANG_WARN_DIRECT_OBJC_ISA_USAGE = YES_ERROR;
				CLANG_WARN_DOCUMENTATION_COMMENTS = YES;
				CLANG_WARN_EMPTY_BODY = YES;
				CLANG_WARN_ENUM_CONVERSION = YES;
				CLANG_WARN_INFINITE_RECURSION = YES;
				CLANG_WARN_INT_CONVERSION = YES;
				CLANG_WARN_OBJC_ROOT_CLASS = YES_ERROR;
				CLANG_WARN_SUSPICIOUS_MOVE = YES;
				CLANG_WARN_UNREACHABLE_CODE = YES;
				CLANG_WARN__DUPLICATE_METHOD_MATCH = YES;
				"CODE_SIGN_IDENTITY[sdk=iphoneos*]" = "iPhone Developer";
				COPY_PHASE_STRIP = NO;
				DEBUG_INFORMATION_FORMAT = "dwarf-with-dsym";
				ENABLE_NS_ASSERTIONS = NO;
				ENABLE_STRICT_OBJC_MSGSEND = YES;
				GCC_C_LANGUAGE_STANDARD = gnu99;
				GCC_NO_COMMON_BLOCKS = YES;
				GCC_WARN_64_TO_32_BIT_CONVERSION = YES;
				GCC_WARN_ABOUT_RETURN_TYPE = YES_ERROR;
				GCC_WARN_UNDECLARED_SELECTOR = YES;
				GCC_WARN_UNINITIALIZED_AUTOS = YES_AGGRESSIVE;
				GCC_WARN_UNUSED_FUNCTION = YES;
				GCC_WARN_UNUSED_VARIABLE = YES;
				IPHONEOS_DEPLOYMENT_TARGET = 10.3;
				MTL_ENABLE_DEBUG_INFO = NO;
				SDKROOT = iphoneos;
				SWIFT_OPTIMIZATION_LEVEL = "-Owholemodule";
				TARGETED_DEVICE_FAMILY = "1,2";
				VALIDATE_PRODUCT = YES;
			};
			name = Release;
		};
		881B84031F3751A6002A8FF7 /* Debug */ = {
			isa = XCBuildConfiguration;
			buildSettings = {
				ASSETCATALOG_COMPILER_APPICON_NAME = AppIcon;
				DEVELOPMENT_TEAM = JN83A35T6F;
				INFOPLIST_FILE = "Le Meme/Info.plist";
				IPHONEOS_DEPLOYMENT_TARGET = 10.0;
				LD_RUNPATH_SEARCH_PATHS = "$(inherited) @executable_path/Frameworks";
				PRODUCT_BUNDLE_IDENTIFIER = "JNJ-APPS.Le-Meme";
				PRODUCT_NAME = "$(TARGET_NAME)";
				SWIFT_VERSION = 3.0;
			};
			name = Debug;
		};
		881B84041F3751A6002A8FF7 /* Release */ = {
			isa = XCBuildConfiguration;
			buildSettings = {
				ASSETCATALOG_COMPILER_APPICON_NAME = AppIcon;
				DEVELOPMENT_TEAM = JN83A35T6F;
				INFOPLIST_FILE = "Le Meme/Info.plist";
				IPHONEOS_DEPLOYMENT_TARGET = 10.0;
				LD_RUNPATH_SEARCH_PATHS = "$(inherited) @executable_path/Frameworks";
				PRODUCT_BUNDLE_IDENTIFIER = "JNJ-APPS.Le-Meme";
				PRODUCT_NAME = "$(TARGET_NAME)";
				SWIFT_VERSION = 3.0;
			};
			name = Release;
		};
		881B84061F3751A6002A8FF7 /* Debug */ = {
			isa = XCBuildConfiguration;
			buildSettings = {
				ALWAYS_EMBED_SWIFT_STANDARD_LIBRARIES = YES;
				BUNDLE_LOADER = "$(TEST_HOST)";
				DEVELOPMENT_TEAM = JN83A35T6F;
				INFOPLIST_FILE = "Le MemeTests/Info.plist";
				LD_RUNPATH_SEARCH_PATHS = "$(inherited) @executable_path/Frameworks @loader_path/Frameworks";
				PRODUCT_BUNDLE_IDENTIFIER = "JNJ-APPS.Le-MemeTests";
				PRODUCT_NAME = "$(TARGET_NAME)";
				SWIFT_VERSION = 3.0;
				TEST_HOST = "$(BUILT_PRODUCTS_DIR)/Le Meme.app/Le Meme";
			};
			name = Debug;
		};
		881B84071F3751A6002A8FF7 /* Release */ = {
			isa = XCBuildConfiguration;
			buildSettings = {
				ALWAYS_EMBED_SWIFT_STANDARD_LIBRARIES = YES;
				BUNDLE_LOADER = "$(TEST_HOST)";
				DEVELOPMENT_TEAM = JN83A35T6F;
				INFOPLIST_FILE = "Le MemeTests/Info.plist";
				LD_RUNPATH_SEARCH_PATHS = "$(inherited) @executable_path/Frameworks @loader_path/Frameworks";
				PRODUCT_BUNDLE_IDENTIFIER = "JNJ-APPS.Le-MemeTests";
				PRODUCT_NAME = "$(TARGET_NAME)";
				SWIFT_VERSION = 3.0;
				TEST_HOST = "$(BUILT_PRODUCTS_DIR)/Le Meme.app/Le Meme";
			};
			name = Release;
		};
		881B84091F3751A6002A8FF7 /* Debug */ = {
			isa = XCBuildConfiguration;
			buildSettings = {
				ALWAYS_EMBED_SWIFT_STANDARD_LIBRARIES = YES;
				DEVELOPMENT_TEAM = JN83A35T6F;
				INFOPLIST_FILE = "Le MemeUITests/Info.plist";
				LD_RUNPATH_SEARCH_PATHS = "$(inherited) @executable_path/Frameworks @loader_path/Frameworks";
				PRODUCT_BUNDLE_IDENTIFIER = "JNJ-APPS.Le-MemeUITests";
				PRODUCT_NAME = "$(TARGET_NAME)";
				SWIFT_VERSION = 3.0;
				TEST_TARGET_NAME = "Le Meme";
			};
			name = Debug;
		};
		881B840A1F3751A6002A8FF7 /* Release */ = {
			isa = XCBuildConfiguration;
			buildSettings = {
				ALWAYS_EMBED_SWIFT_STANDARD_LIBRARIES = YES;
				DEVELOPMENT_TEAM = JN83A35T6F;
				INFOPLIST_FILE = "Le MemeUITests/Info.plist";
				LD_RUNPATH_SEARCH_PATHS = "$(inherited) @executable_path/Frameworks @loader_path/Frameworks";
				PRODUCT_BUNDLE_IDENTIFIER = "JNJ-APPS.Le-MemeUITests";
				PRODUCT_NAME = "$(TARGET_NAME)";
				SWIFT_VERSION = 3.0;
				TEST_TARGET_NAME = "Le Meme";
			};
			name = Release;
		};
/* End XCBuildConfiguration section */

/* Begin XCConfigurationList section */
		881B83D21F3751A6002A8FF7 /* Build configuration list for PBXProject "Le Meme" */ = {
			isa = XCConfigurationList;
			buildConfigurations = (
				881B84001F3751A6002A8FF7 /* Debug */,
				881B84011F3751A6002A8FF7 /* Release */,
			);
			defaultConfigurationIsVisible = 0;
			defaultConfigurationName = Release;
		};
		881B84021F3751A6002A8FF7 /* Build configuration list for PBXNativeTarget "Le Meme" */ = {
			isa = XCConfigurationList;
			buildConfigurations = (
				881B84031F3751A6002A8FF7 /* Debug */,
				881B84041F3751A6002A8FF7 /* Release */,
			);
			defaultConfigurationIsVisible = 0;
			defaultConfigurationName = Release;
		};
		881B84051F3751A6002A8FF7 /* Build configuration list for PBXNativeTarget "Le MemeTests" */ = {
			isa = XCConfigurationList;
			buildConfigurations = (
				881B84061F3751A6002A8FF7 /* Debug */,
				881B84071F3751A6002A8FF7 /* Release */,
			);
			defaultConfigurationIsVisible = 0;
			defaultConfigurationName = Release;
		};
		881B84081F3751A6002A8FF7 /* Build configuration list for PBXNativeTarget "Le MemeUITests" */ = {
			isa = XCConfigurationList;
			buildConfigurations = (
				881B84091F3751A6002A8FF7 /* Debug */,
				881B840A1F3751A6002A8FF7 /* Release */,
			);
			defaultConfigurationIsVisible = 0;
			defaultConfigurationName = Release;
		};
/* End XCConfigurationList section */

/* Begin XCVersionGroup section */
		881DE44D1F37D28800886176 /* Model.xcdatamodeld */ = {
			isa = XCVersionGroup;
			children = (
				881DE44E1F37D28800886176 /* Model.xcdatamodel */,
			);
			currentVersion = 881DE44E1F37D28800886176 /* Model.xcdatamodel */;
			path = Model.xcdatamodeld;
			sourceTree = "<group>";
			versionGroupType = wrapper.xcdatamodel;
		};
/* End XCVersionGroup section */
	};
	rootObject = 881B83CF1F3751A6002A8FF7 /* Project object */;
}
